
Microsoft Visual Studio Solution File, Format Version 12.00
# Visual Studio Version 16
VisualStudioVersion = 16.0.31025.194
MinimumVisualStudioVersion = 10.0.40219.1
Project("{8BC9CEB8-8B4A-11D0-8D11-00A0C91BC942}") = "LAB11_0_1", "LAB11_0_1\LAB11_0_1.vcxproj", "{00F90A07-BB10-4D96-B9CD-701670BECCB4}"
EndProject
Project("{8BC9CEB8-8B4A-11D0-8D11-00A0C91BC942}") = "LAB11_0_2", "LAB11_0_2\LAB11_0_2.vcxproj", "{316535D6-DC49-44F1-895D-C2B5D34450ED}"
EndProject
Project("{8BC9CEB8-8B4A-11D0-8D11-00A0C91BC942}") = "LAB11_1", "LAB11_1\LAB11_1.vcxproj", "{79B4CFAC-EEF6-4CE8-9263-99553DD216EF}"
EndProject
Project("{8BC9CEB8-8B4A-11D0-8D11-00A0C91BC942}") = "LAB11_2", "LAB11_2\LAB11_2.vcxproj", "{6BE04232-A83F-455C-90A4-D3747EF2C7D9}"
EndProject
Project("{8BC9CEB8-8B4A-11D0-8D11-00A0C91BC942}") = "LAB11_3", "LAB11_3\LAB11_3.vcxproj", "{49ED24F2-C57B-4EDB-8E27-B37C819C660A}"
EndProject
Project("{8BC9CEB8-8B4A-11D0-8D11-00A0C91BC942}") = "HW11_1", "HW11_1\HW11_1.vcxproj", "{C5ABABE0-D9BE-4153-91E1-8D6A77ED6714}"
EndProject
Project("{8BC9CEB8-8B4A-11D0-8D11-00A0C91BC942}") = "HW11_2", "HW11_2\HW11_2.vcxproj", "{F02D6932-3CCF-4F77-BD4A-BDC45107E213}"
EndProject
Project("{8BC9CEB8-8B4A-11D0-8D11-00A0C91BC942}") = "HW11_3", "HW11_3\HW11_3.vcxproj", "{D671A19C-712A-4291-92B0-775FC10D98BB}"
EndProject
Project("{8BC9CEB8-8B4A-11D0-8D11-00A0C91BC942}") = "HW11_4_0", "HW11_4_0\HW11_4_0.vcxproj", "{F71D7818-5A06-4278-9A40-D1FE42E2A83B}"
EndProject
Project("{8BC9CEB8-8B4A-11D0-8D11-00A0C91BC942}") = "HW11_4_1", "HW11_4_1\HW11_4_1.vcxproj", "{79F7A3D9-7C47-44E9-909C-9E1CE4003211}"
EndProject
Project("{8BC9CEB8-8B4A-11D0-8D11-00A0C91BC942}") = "HW(메르센소수)", "HW(메르센소수)\HW(메르센소수).vcxproj", "{03021B6A-C4B0-4E09-8C61-E5F2C3F5AEA7}"
EndProject
Project("{8BC9CEB8-8B4A-11D0-8D11-00A0C91BC942}") = "HW9_다", "HW9_다\HW9_다.vcxproj", "{85374489-9E5E-4FBE-A0DC-6B6CB9B4FECE}"
EndProject
Global
	GlobalSection(SolutionConfigurationPlatforms) = preSolution
		Debug|x64 = Debug|x64
		Debug|x86 = Debug|x86
		Release|x64 = Release|x64
		Release|x86 = Release|x86
	EndGlobalSection
	GlobalSection(ProjectConfigurationPlatforms) = postSolution
		{00F90A07-BB10-4D96-B9CD-701670BECCB4}.Debug|x64.ActiveCfg = Debug|x64
		{00F90A07-BB10-4D96-B9CD-701670BECCB4}.Debug|x64.Build.0 = Debug|x64
		{00F90A07-BB10-4D96-B9CD-701670BECCB4}.Debug|x86.ActiveCfg = Debug|Win32
		{00F90A07-BB10-4D96-B9CD-701670BECCB4}.Debug|x86.Build.0 = Debug|Win32
		{00F90A07-BB10-4D96-B9CD-701670BECCB4}.Release|x64.ActiveCfg = Release|x64
		{00F90A07-BB10-4D96-B9CD-701670BECCB4}.Release|x64.Build.0 = Release|x64
		{00F90A07-BB10-4D96-B9CD-701670BECCB4}.Release|x86.ActiveCfg = Release|Win32
		{00F90A07-BB10-4D96-B9CD-701670BECCB4}.Release|x86.Build.0 = Release|Win32
		{316535D6-DC49-44F1-895D-C2B5D34450ED}.Debug|x64.ActiveCfg = Debug|x64
		{316535D6-DC49-44F1-895D-C2B5D34450ED}.Debug|x64.Build.0 = Debug|x64
		{316535D6-DC49-44F1-895D-C2B5D34450ED}.Debug|x86.ActiveCfg = Debug|Win32
		{316535D6-DC49-44F1-895D-C2B5D34450ED}.Debug|x86.Build.0 = Debug|Win32
		{316535D6-DC49-44F1-895D-C2B5D34450ED}.Release|x64.ActiveCfg = Release|x64
		{316535D6-DC49-44F1-895D-C2B5D34450ED}.Release|x64.Build.0 = Release|x64
		{316535D6-DC49-44F1-895D-C2B5D34450ED}.Release|x86.ActiveCfg = Release|Win32
		{316535D6-DC49-44F1-895D-C2B5D34450ED}.Release|x86.Build.0 = Release|Win32
		{79B4CFAC-EEF6-4CE8-9263-99553DD216EF}.Debug|x64.ActiveCfg = Debug|x64
		{79B4CFAC-EEF6-4CE8-9263-99553DD216EF}.Debug|x64.Build.0 = Debug|x64
		{79B4CFAC-EEF6-4CE8-9263-99553DD216EF}.Debug|x86.ActiveCfg = Debug|Win32
		{79B4CFAC-EEF6-4CE8-9263-99553DD216EF}.Debug|x86.Build.0 = Debug|Win32
		{79B4CFAC-EEF6-4CE8-9263-99553DD216EF}.Release|x64.ActiveCfg = Release|x64
		{79B4CFAC-EEF6-4CE8-9263-99553DD216EF}.Release|x64.Build.0 = Release|x64
		{79B4CFAC-EEF6-4CE8-9263-99553DD216EF}.Release|x86.ActiveCfg = Release|Win32
		{79B4CFAC-EEF6-4CE8-9263-99553DD216EF}.Release|x86.Build.0 = Release|Win32
		{6BE04232-A83F-455C-90A4-D3747EF2C7D9}.Debug|x64.ActiveCfg = Debug|x64
		{6BE04232-A83F-455C-90A4-D3747EF2C7D9}.Debug|x64.Build.0 = Debug|x64
		{6BE04232-A83F-455C-90A4-D3747EF2C7D9}.Debug|x86.ActiveCfg = Debug|Win32
		{6BE04232-A83F-455C-90A4-D3747EF2C7D9}.Debug|x86.Build.0 = Debug|Win32
		{6BE04232-A83F-455C-90A4-D3747EF2C7D9}.Release|x64.ActiveCfg = Release|x64
		{6BE04232-A83F-455C-90A4-D3747EF2C7D9}.Release|x64.Build.0 = Release|x64
		{6BE04232-A83F-455C-90A4-D3747EF2C7D9}.Release|x86.ActiveCfg = Release|Win32
		{6BE04232-A83F-455C-90A4-D3747EF2C7D9}.Release|x86.Build.0 = Release|Win32
		{49ED24F2-C57B-4EDB-8E27-B37C819C660A}.Debug|x64.ActiveCfg = Debug|x64
		{49ED24F2-C57B-4EDB-8E27-B37C819C660A}.Debug|x64.Build.0 = Debug|x64
		{49ED24F2-C57B-4EDB-8E27-B37C819C660A}.Debug|x86.ActiveCfg = Debug|Win32
		{49ED24F2-C57B-4EDB-8E27-B37C819C660A}.Debug|x86.Build.0 = Debug|Win32
		{49ED24F2-C57B-4EDB-8E27-B37C819C660A}.Release|x64.ActiveCfg = Release|x64
		{49ED24F2-C57B-4EDB-8E27-B37C819C660A}.Release|x64.Build.0 = Release|x64
		{49ED24F2-C57B-4EDB-8E27-B37C819C660A}.Release|x86.ActiveCfg = Release|Win32
		{49ED24F2-C57B-4EDB-8E27-B37C819C660A}.Release|x86.Build.0 = Release|Win32
		{C5ABABE0-D9BE-4153-91E1-8D6A77ED6714}.Debug|x64.ActiveCfg = Debug|x64
		{C5ABABE0-D9BE-4153-91E1-8D6A77ED6714}.Debug|x64.Build.0 = Debug|x64
		{C5ABABE0-D9BE-4153-91E1-8D6A77ED6714}.Debug|x86.ActiveCfg = Debug|Win32
		{C5ABABE0-D9BE-4153-91E1-8D6A77ED6714}.Debug|x86.Build.0 = Debug|Win32
		{C5ABABE0-D9BE-4153-91E1-8D6A77ED6714}.Release|x64.ActiveCfg = Release|x64
		{C5ABABE0-D9BE-4153-91E1-8D6A77ED6714}.Release|x64.Build.0 = Release|x64
		{C5ABABE0-D9BE-4153-91E1-8D6A77ED6714}.Release|x86.ActiveCfg = Release|Win32
		{C5ABABE0-D9BE-4153-91E1-8D6A77ED6714}.Release|x86.Build.0 = Release|Win32
		{F02D6932-3CCF-4F77-BD4A-BDC45107E213}.Debug|x64.ActiveCfg = Debug|x64
		{F02D6932-3CCF-4F77-BD4A-BDC45107E213}.Debug|x64.Build.0 = Debug|x64
		{F02D6932-3CCF-4F77-BD4A-BDC45107E213}.Debug|x86.ActiveCfg = Debug|Win32
		{F02D6932-3CCF-4F77-BD4A-BDC45107E213}.Debug|x86.Build.0 = Debug|Win32
		{F02D6932-3CCF-4F77-BD4A-BDC45107E213}.Release|x64.ActiveCfg = Release|x64
		{F02D6932-3CCF-4F77-BD4A-BDC45107E213}.Release|x64.Build.0 = Release|x64
		{F02D6932-3CCF-4F77-BD4A-BDC45107E213}.Release|x86.ActiveCfg = Release|Win32
		{F02D6932-3CCF-4F77-BD4A-BDC45107E213}.Release|x86.Build.0 = Release|Win32
		{D671A19C-712A-4291-92B0-775FC10D98BB}.Debug|x64.ActiveCfg = Debug|x64
		{D671A19C-712A-4291-92B0-775FC10D98BB}.Debug|x64.Build.0 = Debug|x64
		{D671A19C-712A-4291-92B0-775FC10D98BB}.Debug|x86.ActiveCfg = Debug|Win32
		{D671A19C-712A-4291-92B0-775FC10D98BB}.Debug|x86.Build.0 = Debug|Win32
		{D671A19C-712A-4291-92B0-775FC10D98BB}.Release|x64.ActiveCfg = Release|x64
		{D671A19C-712A-4291-92B0-775FC10D98BB}.Release|x64.Build.0 = Release|x64
		{D671A19C-712A-4291-92B0-775FC10D98BB}.Release|x86.ActiveCfg = Release|Win32
		{D671A19C-712A-4291-92B0-775FC10D98BB}.Release|x86.Build.0 = Release|Win32
		{F71D7818-5A06-4278-9A40-D1FE42E2A83B}.Debug|x64.ActiveCfg = Debug|x64
		{F71D7818-5A06-4278-9A40-D1FE42E2A83B}.Debug|x64.Build.0 = Debug|x64
		{F71D7818-5A06-4278-9A40-D1FE42E2A83B}.Debug|x86.ActiveCfg = Debug|Win32
		{F71D7818-5A06-4278-9A40-D1FE42E2A83B}.Debug|x86.Build.0 = Debug|Win32
		{F71D7818-5A06-4278-9A40-D1FE42E2A83B}.Release|x64.ActiveCfg = Release|x64
		{F71D7818-5A06-4278-9A40-D1FE42E2A83B}.Release|x64.Build.0 = Release|x64
		{F71D7818-5A06-4278-9A40-D1FE42E2A83B}.Release|x86.ActiveCfg = Release|Win32
		{F71D7818-5A06-4278-9A40-D1FE42E2A83B}.Release|x86.Build.0 = Release|Win32
		{79F7A3D9-7C47-44E9-909C-9E1CE4003211}.Debug|x64.ActiveCfg = Debug|x64
		{79F7A3D9-7C47-44E9-909C-9E1CE4003211}.Debug|x64.Build.0 = Debug|x64
		{79F7A3D9-7C47-44E9-909C-9E1CE4003211}.Debug|x86.ActiveCfg = Debug|Win32
		{79F7A3D9-7C47-44E9-909C-9E1CE4003211}.Debug|x86.Build.0 = Debug|Win32
		{79F7A3D9-7C47-44E9-909C-9E1CE4003211}.Release|x64.ActiveCfg = Release|x64
		{79F7A3D9-7C47-44E9-909C-9E1CE4003211}.Release|x64.Build.0 = Release|x64
		{79F7A3D9-7C47-44E9-909C-9E1CE4003211}.Release|x86.ActiveCfg = Release|Win32
		{79F7A3D9-7C47-44E9-909C-9E1CE4003211}.Release|x86.Build.0 = Release|Win32
		{03021B6A-C4B0-4E09-8C61-E5F2C3F5AEA7}.Debug|x64.ActiveCfg = Debug|x64
		{03021B6A-C4B0-4E09-8C61-E5F2C3F5AEA7}.Debug|x64.Build.0 = Debug|x64
		{03021B6A-C4B0-4E09-8C61-E5F2C3F5AEA7}.Debug|x86.ActiveCfg = Debug|Win32
		{03021B6A-C4B0-4E09-8C61-E5F2C3F5AEA7}.Debug|x86.Build.0 = Debug|Win32
		{03021B6A-C4B0-4E09-8C61-E5F2C3F5AEA7}.Release|x64.ActiveCfg = Release|x64
		{03021B6A-C4B0-4E09-8C61-E5F2C3F5AEA7}.Release|x64.Build.0 = Release|x64
		{03021B6A-C4B0-4E09-8C61-E5F2C3F5AEA7}.Release|x86.ActiveCfg = Release|Win32
		{03021B6A-C4B0-4E09-8C61-E5F2C3F5AEA7}.Release|x86.Build.0 = Release|Win32
		{85374489-9E5E-4FBE-A0DC-6B6CB9B4FECE}.Debug|x64.ActiveCfg = Debug|x64
		{85374489-9E5E-4FBE-A0DC-6B6CB9B4FECE}.Debug|x64.Build.0 = Debug|x64
		{85374489-9E5E-4FBE-A0DC-6B6CB9B4FECE}.Debug|x86.ActiveCfg = Debug|Win32
		{85374489-9E5E-4FBE-A0DC-6B6CB9B4FECE}.Debug|x86.Build.0 = Debug|Win32
		{85374489-9E5E-4FBE-A0DC-6B6CB9B4FECE}.Release|x64.ActiveCfg = Release|x64
		{85374489-9E5E-4FBE-A0DC-6B6CB9B4FECE}.Release|x64.Build.0 = Release|x64
		{85374489-9E5E-4FBE-A0DC-6B6CB9B4FECE}.Release|x86.ActiveCfg = Release|Win32
		{85374489-9E5E-4FBE-A0DC-6B6CB9B4FECE}.Release|x86.Build.0 = Release|Win32
	EndGlobalSection
	GlobalSection(SolutionProperties) = preSolution
		HideSolutionNode = FALSE
	EndGlobalSection
	GlobalSection(ExtensibilityGlobals) = postSolution
		SolutionGuid = {F03272C3-5FB0-4CCC-9A6F-51F099D44A4A}
	EndGlobalSection
EndGlobal
